// !$*UTF8*$!
{
	archiveVersion = 1;
	classes = {
	};
	objectVersion = 46;
	objects = {

/* Begin PBXBuildFile section */
		C3228C211CCCD1D400C9D169 /* FPSStatusBar.framework in Frameworks */ = {isa = PBXBuildFile; fileRef = C347C0381CCCD1AB00B7152A /* FPSStatusBar.framework */; };
		C3228C221CCCD1D400C9D169 /* FPSStatusBar.framework in Embed Frameworks */ = {isa = PBXBuildFile; fileRef = C347C0381CCCD1AB00B7152A /* FPSStatusBar.framework */; settings = {ATTRIBUTES = (CodeSignOnCopy, RemoveHeadersOnCopy, ); }; };
		C347C0081CCC965200B7152A /* AppDelegate.swift in Sources */ = {isa = PBXBuildFile; fileRef = C347C0071CCC965200B7152A /* AppDelegate.swift */; };
		C347C00A1CCC965200B7152A /* TableViewController.swift in Sources */ = {isa = PBXBuildFile; fileRef = C347C0091CCC965200B7152A /* TableViewController.swift */; };
		C347C00D1CCC965200B7152A /* Main.storyboard in Resources */ = {isa = PBXBuildFile; fileRef = C347C00B1CCC965200B7152A /* Main.storyboard */; };
		C347C00F1CCC965200B7152A /* Assets.xcassets in Resources */ = {isa = PBXBuildFile; fileRef = C347C00E1CCC965200B7152A /* Assets.xcassets */; };
		C347C0121CCC965200B7152A /* LaunchScreen.storyboard in Resources */ = {isa = PBXBuildFile; fileRef = C347C0101CCC965200B7152A /* LaunchScreen.storyboard */; };
/* End PBXBuildFile section */

/* Begin PBXContainerItemProxy section */
		C3228C231CCCD1D400C9D169 /* PBXContainerItemProxy */ = {
			isa = PBXContainerItemProxy;
			containerPortal = C347C0331CCCD1AB00B7152A /* FPSStatusBar.xcodeproj */;
			proxyType = 1;
			remoteGlobalIDString = C347BFE91CCC95C000B7152A;
			remoteInfo = FPSStatusBar;
		};
		C347C0371CCCD1AB00B7152A /* PBXContainerItemProxy */ = {
			isa = PBXContainerItemProxy;
			containerPortal = C347C0331CCCD1AB00B7152A /* FPSStatusBar.xcodeproj */;
			proxyType = 2;
			remoteGlobalIDString = C347BFEA1CCC95C000B7152A;
			remoteInfo = FPSStatusBar;
		};
/* End PBXContainerItemProxy section */

/* Begin PBXCopyFilesBuildPhase section */
		C347C0291CCC968500B7152A /* Embed Frameworks */ = {
			isa = PBXCopyFilesBuildPhase;
			buildActionMask = 2147483647;
			dstPath = "";
			dstSubfolderSpec = 10;
			files = (
				C3228C221CCCD1D400C9D169 /* FPSStatusBar.framework in Embed Frameworks */,
			);
			name = "Embed Frameworks";
			runOnlyForDeploymentPostprocessing = 0;
		};
/* End PBXCopyFilesBuildPhase section */

/* Begin PBXFileReference section */
		C347C0041CCC965200B7152A /* example.app */ = {isa = PBXFileReference; explicitFileType = wrapper.application; includeInIndex = 0; path = example.app; sourceTree = BUILT_PRODUCTS_DIR; };
		C347C0071CCC965200B7152A /* AppDelegate.swift */ = {isa = PBXFileReference; lastKnownFileType = sourcecode.swift; path = AppDelegate.swift; sourceTree = "<group>"; };
		C347C0091CCC965200B7152A /* TableViewController.swift */ = {isa = PBXFileReference; lastKnownFileType = sourcecode.swift; path = TableViewController.swift; sourceTree = "<group>"; };
		C347C00C1CCC965200B7152A /* Base */ = {isa = PBXFileReference; lastKnownFileType = file.storyboard; name = Base; path = Base.lproj/Main.storyboard; sourceTree = "<group>"; };
		C347C00E1CCC965200B7152A /* Assets.xcassets */ = {isa = PBXFileReference; lastKnownFileType = folder.assetcatalog; path = Assets.xcassets; sourceTree = "<group>"; };
		C347C0111CCC965200B7152A /* Base */ = {isa = PBXFileReference; lastKnownFileType = file.storyboard; name = Base; path = Base.lproj/LaunchScreen.storyboard; sourceTree = "<group>"; };
		C347C0131CCC965200B7152A /* Info.plist */ = {isa = PBXFileReference; lastKnownFileType = text.plist.xml; path = Info.plist; sourceTree = "<group>"; };
		C347C0331CCCD1AB00B7152A /* FPSStatusBar.xcodeproj */ = {isa = PBXFileReference; lastKnownFileType = "wrapper.pb-project"; name = FPSStatusBar.xcodeproj; path = ../FPSStatusBar.xcodeproj; sourceTree = "<group>"; };
/* End PBXFileReference section */

/* Begin PBXFrameworksBuildPhase section */
		C347C0011CCC965200B7152A /* Frameworks */ = {
			isa = PBXFrameworksBuildPhase;
			buildActionMask = 2147483647;
			files = (
				C3228C211CCCD1D400C9D169 /* FPSStatusBar.framework in Frameworks */,
			);
			runOnlyForDeploymentPostprocessing = 0;
		};
/* End PBXFrameworksBuildPhase section */

/* Begin PBXGroup section */
		C347BFFB1CCC965200B7152A = {
			isa = PBXGroup;
			children = (
				C347C0061CCC965200B7152A /* example */,
				C347C0051CCC965200B7152A /* Products */,
				C347C0331CCCD1AB00B7152A /* FPSStatusBar.xcodeproj */,
			);
			sourceTree = "<group>";
		};
		C347C0051CCC965200B7152A /* Products */ = {
			isa = PBXGroup;
			children = (
				C347C0041CCC965200B7152A /* example.app */,
			);
			name = Products;
			sourceTree = "<group>";
		};
		C347C0061CCC965200B7152A /* example */ = {
			isa = PBXGroup;
			children = (
				C347C0071CCC965200B7152A /* AppDelegate.swift */,
				C347C0091CCC965200B7152A /* TableViewController.swift */,
				C347C00B1CCC965200B7152A /* Main.storyboard */,
				C347C00E1CCC965200B7152A /* Assets.xcassets */,
				C347C0101CCC965200B7152A /* LaunchScreen.storyboard */,
				C347C0131CCC965200B7152A /* Info.plist */,
			);
			path = example;
			sourceTree = "<group>";
		};
		C347C0341CCCD1AB00B7152A /* Products */ = {
			isa = PBXGroup;
			children = (
				C347C0381CCCD1AB00B7152A /* FPSStatusBar.framework */,
			);
			name = Products;
			sourceTree = "<group>";
		};
/* End PBXGroup section */

/* Begin PBXNativeTarget section */
		C347C0031CCC965200B7152A /* example */ = {
			isa = PBXNativeTarget;
			buildConfigurationList = C347C0161CCC965200B7152A /* Build configuration list for PBXNativeTarget "example" */;
			buildPhases = (
				C347C0001CCC965200B7152A /* Sources */,
				C347C0011CCC965200B7152A /* Frameworks */,
				C347C0021CCC965200B7152A /* Resources */,
				C347C0291CCC968500B7152A /* Embed Frameworks */,
			);
			buildRules = (
			);
			dependencies = (
				C3228C241CCCD1D400C9D169 /* PBXTargetDependency */,
			);
			name = example;
			productName = example;
			productReference = C347C0041CCC965200B7152A /* example.app */;
			productType = "com.apple.product-type.application";
		};
/* End PBXNativeTarget section */

/* Begin PBXProject section */
		C347BFFC1CCC965200B7152A /* Project object */ = {
			isa = PBXProject;
			attributes = {
				LastSwiftUpdateCheck = 0730;
				LastUpgradeCheck = 0940;
				ORGANIZATIONNAME = nagisaworks;
				TargetAttributes = {
					C347C0031CCC965200B7152A = {
						CreatedOnToolsVersion = 7.3;
						LastSwiftMigration = 0940;
					};
				};
			};
			buildConfigurationList = C347BFFF1CCC965200B7152A /* Build configuration list for PBXProject "example" */;
			compatibilityVersion = "Xcode 3.2";
			developmentRegion = English;
			hasScannedForEncodings = 0;
			knownRegions = (
				en,
				Base,
			);
			mainGroup = C347BFFB1CCC965200B7152A;
			productRefGroup = C347C0051CCC965200B7152A /* Products */;
			projectDirPath = "";
			projectReferences = (
				{
					ProductGroup = C347C0341CCCD1AB00B7152A /* Products */;
					ProjectRef = C347C0331CCCD1AB00B7152A /* FPSStatusBar.xcodeproj */;
				},
			);
			projectRoot = "";
			targets = (
				C347C0031CCC965200B7152A /* example */,
			);
		};
/* End PBXProject section */

/* Begin PBXReferenceProxy section */
		C347C0381CCCD1AB00B7152A /* FPSStatusBar.framework */ = {
			isa = PBXReferenceProxy;
			fileType = wrapper.framework;
			path = FPSStatusBar.framework;
			remoteRef = C347C0371CCCD1AB00B7152A /* PBXContainerItemProxy */;
			sourceTree = BUILT_PRODUCTS_DIR;
		};
/* End PBXReferenceProxy section */

/* Begin PBXResourcesBuildPhase section */
		C347C0021CCC965200B7152A /* Resources */ = {
			isa = PBXResourcesBuildPhase;
			buildActionMask = 2147483647;
			files = (
				C347C0121CCC965200B7152A /* LaunchScreen.storyboard in Resources */,
				C347C00F1CCC965200B7152A /* Assets.xcassets in Resources */,
				C347C00D1CCC965200B7152A /* Main.storyboard in Resources */,
			);
			runOnlyForDeploymentPostprocessing = 0;
		};
/* End PBXResourcesBuildPhase section */

/* Begin PBXSourcesBuildPhase section */
		C347C0001CCC965200B7152A /* Sources */ = {
			isa = PBXSourcesBuildPhase;
			buildActionMask = 2147483647;
			files = (
				C347C00A1CCC965200B7152A /* TableViewController.swift in Sources */,
				C347C0081CCC965200B7152A /* AppDelegate.swift in Sources */,
			);
			runOnlyForDeploymentPostprocessing = 0;
		};
/* End PBXSourcesBuildPhase section */

/* Begin PBXTargetDependency section */
		C3228C241CCCD1D400C9D169 /* PBXTargetDependency */ = {
			isa = PBXTargetDependency;
			name = FPSStatusBar;
			targetProxy = C3228C231CCCD1D400C9D169 /* PBXContainerItemProxy */;
		};
/* End PBXTargetDependency section */

/* Begin PBXVariantGroup section */
		C347C00B1CCC965200B7152A /* Main.storyboard */ = {
			isa = PBXVariantGroup;
			children = (
				C347C00C1CCC965200B7152A /* Base */,
			);
			name = Main.storyboard;
			sourceTree = "<group>";
		};
		C347C0101CCC965200B7152A /* LaunchScreen.storyboard */ = {
			isa = PBXVariantGroup;
			children = (
				C347C0111CCC965200B7152A /* Base */,
			);
			name = LaunchScreen.storyboard;
			sourceTree = "<group>";
		};
/* End PBXVariantGroup section */

/* Begin XCBuildConfiguration section */
		C347C0141CCC965200B7152A /* Debug */ = {
			isa = XCBuildConfiguration;
			buildSettings = {
				ALWAYS_SEARCH_USER_PATHS = NO;
				CLANG_ANALYZER_NONNULL = YES;
				CLANG_CXX_LANGUAGE_STANDARD = "gnu++0x";
				CLANG_CXX_LIBRARY = "libc++";
				CLANG_ENABLE_MODULES = YES;
				CLANG_WARN_BLOCK_CAPTURE_AUTORELEASING = YES;
				CLANG_WARN_BOOL_CONVERSION = YES;
				CLANG_WARN_COMMA = YES;
				CLANG_WARN_CONSTANT_CONVERSION = YES;
				CLANG_WARN_DEPRECATED_OBJC_IMPLEMENTATIONS = YES;
				CLANG_WARN_DIRECT_OBJC_ISA_USAGE = YES_ERROR;
				CLANG_WARN_EMPTY_BODY = YES;
				CLANG_WARN_ENUM_CONVERSION = YES;
				CLANG_WARN_INFINITE_RECURSION = YES;
				CLANG_WARN_INT_CONVERSION = YES;
				CLANG_WARN_NON_LITERAL_NULL_CONVERSION = YES;
				CLANG_WARN_OBJC_IMPLICIT_RETAIN_SELF = YES;
				CLANG_WARN_OBJC_LITERAL_CONVERSION = YES;
				CLANG_WARN_OBJC_ROOT_CLASS = YES_ERROR;
				CLANG_WARN_RANGE_LOOP_ANALYSIS = YES;
				CLANG_WARN_STRICT_PROTOTYPES = YES;
				CLANG_WARN_SUSPICIOUS_MOVE = YES;
				CLANG_WARN_UNREACHABLE_CODE = YES;
				CLANG_WARN__DUPLICATE_METHOD_MATCH = YES;
				"CODE_SIGN_IDENTITY[sdk=iphoneos*]" = "iPhone Developer";
				COPY_PHASE_STRIP = NO;
				DEBUG_INFORMATION_FORMAT = dwarf;
				ENABLE_STRICT_OBJC_MSGSEND = YES;
				ENABLE_TESTABILITY = YES;
				GCC_C_LANGUAGE_STANDARD = gnu99;
				GCC_DYNAMIC_NO_PIC = NO;
				GCC_NO_COMMON_BLOCKS = YES;
				GCC_OPTIMIZATION_LEVEL = 0;
				GCC_PREPROCESSOR_DEFINITIONS = (
					"DEBUG=1",
					"$(inherited)",
				);
				GCC_WARN_64_TO_32_BIT_CONVERSION = YES;
				GCC_WARN_ABOUT_RETURN_TYPE = YES_ERROR;
				GCC_WARN_UNDECLARED_SELECTOR = YES;
				GCC_WARN_UNINITIALIZED_AUTOS = YES_AGGRESSIVE;
				GCC_WARN_UNUSED_FUNCTION = YES;
				GCC_WARN_UNUSED_VARIABLE = YES;
				IPHONEOS_DEPLOYMENT_TARGET = 9.3;
				MTL_ENABLE_DEBUG_INFO = YES;
				ONLY_ACTIVE_ARCH = YES;
				SDKROOT = iphoneos;
				SWIFT_OPTIMIZATION_LEVEL = "-Onone";
				SWIFT_VERSION = 4.0;
				TARGETED_DEVICE_FAMILY = "1,2";
			};
			name = Debug;
		};
		C347C0151CCC965200B7152A /* Release */ = {
			isa = XCBuildConfiguration;
			buildSettings = {
				ALWAYS_SEARCH_USER_PATHS = NO;
				CLANG_ANALYZER_NONNULL = YES;
				CLANG_CXX_LANGUAGE_STANDARD = "gnu++0x";
				CLANG_CXX_LIBRARY = "libc++";
				CLANG_ENABLE_MODULES = YES;
				CLANG_WARN_BLOCK_CAPTURE_AUTORELEASING = YES;
				CLANG_WARN_BOOL_CONVERSION = YES;
				CLANG_WARN_COMMA = YES;
				CLANG_WARN_CONSTANT_CONVERSION = YES;
				CLANG_WARN_DEPRECATED_OBJC_IMPLEMENTATIONS = YES;
				CLANG_WARN_DIRECT_OBJC_ISA_USAGE = YES_ERROR;
				CLANG_WARN_EMPTY_BODY = YES;
				CLANG_WARN_ENUM_CONVERSION = YES;
				CLANG_WARN_INFINITE_RECURSION = YES;
				CLANG_WARN_INT_CONVERSION = YES;
				CLANG_WARN_NON_LITERAL_NULL_CONVERSION = YES;
				CLANG_WARN_OBJC_IMPLICIT_RETAIN_SELF = YES;
				CLANG_WARN_OBJC_LITERAL_CONVERSION = YES;
				CLANG_WARN_OBJC_ROOT_CLASS = YES_ERROR;
				CLANG_WARN_RANGE_LOOP_ANALYSIS = YES;
				CLANG_WARN_STRICT_PROTOTYPES = YES;
				CLANG_WARN_SUSPICIOUS_MOVE = YES;
				CLANG_WARN_UNREACHABLE_CODE = YES;
				CLANG_WARN__DUPLICATE_METHOD_MATCH = YES;
				"CODE_SIGN_IDENTITY[sdk=iphoneos*]" = "iPhone Developer";
				COPY_PHASE_STRIP = NO;
				DEBUG_INFORMATION_FORMAT = "dwarf-with-dsym";
				ENABLE_NS_ASSERTIONS = NO;
				ENABLE_STRICT_OBJC_MSGSEND = YES;
				GCC_C_LANGUAGE_STANDARD = gnu99;
				GCC_NO_COMMON_BLOCKS = YES;
				GCC_WARN_64_TO_32_BIT_CONVERSION = YES;
				GCC_WARN_ABOUT_RETURN_TYPE = YES_ERROR;
				GCC_WARN_UNDECLARED_SELECTOR = YES;
				GCC_WARN_UNINITIALIZED_AUTOS = YES_AGGRESSIVE;
				GCC_WARN_UNUSED_FUNCTION = YES;
				GCC_WARN_UNUSED_VARIABLE = YES;
				IPHONEOS_DEPLOYMENT_TARGET = 9.3;
				MTL_ENABLE_DEBUG_INFO = NO;
				SDKROOT = iphoneos;
				SWIFT_OPTIMIZATION_LEVEL = "-Owholemodule";
				SWIFT_VERSION = 4.0;
				TARGETED_DEVICE_FAMILY = "1,2";
				VALIDATE_PRODUCT = YES;
			};
			name = Release;
		};
		C347C0171CCC965200B7152A /* Debug */ = {
			isa = XCBuildConfiguration;
			buildSettings = {
				ALWAYS_EMBED_SWIFT_STANDARD_LIBRARIES = YES;
				ASSETCATALOG_COMPILER_APPICON_NAME = AppIcon;
				INFOPLIST_FILE = example/Info.plist;
				LD_RUNPATH_SEARCH_PATHS = "$(inherited) @executable_path/Frameworks";
				PRODUCT_BUNDLE_IDENTIFIER = com.nagisa.example;
				PRODUCT_NAME = "$(TARGET_NAME)";
			};
			name = Debug;
		};
		C347C0181CCC965200B7152A /* Release */ = {
			isa = XCBuildConfiguration;
			buildSettings = {
				ALWAYS_EMBED_SWIFT_STANDARD_LIBRARIES = YES;
				ASSETCATALOG_COMPILER_APPICON_NAME = AppIcon;
				INFOPLIST_FILE = example/Info.plist;
				LD_RUNPATH_SEARCH_PATHS = "$(inherited) @executable_path/Frameworks";
				PRODUCT_BUNDLE_IDENTIFIER = com.nagisa.example;
				PRODUCT_NAME = "$(TARGET_NAME)";
			};
			name = Release;
		};
/* End XCBuildConfiguration section */

/* Begin XCConfigurationList section */
		C347BFFF1CCC965200B7152A /* Build configuration list for PBXProject "example" */ = {
			isa = XCConfigurationList;
			buildConfigurations = (
				C347C0141CCC965200B7152A /* Debug */,
				C347C0151CCC965200B7152A /* Release */,
			);
			defaultConfigurationIsVisible = 0;
			defaultConfigurationName = Release;
		};
		C347C0161CCC965200B7152A /* Build configuration list for PBXNativeTarget "example" */ = {
			isa = XCConfigurationList;
			buildConfigurations = (
				C347C0171CCC965200B7152A /* Debug */,
				C347C0181CCC965200B7152A /* Release */,
			);
			defaultConfigurationIsVisible = 0;
			defaultConfigurationName = Release;
		};
/* End XCConfigurationList section */
	};
	rootObject = C347BFFC1CCC965200B7152A /* Project object */;
}
